{
  "name": "chainreaction",
  "version": "1.0.0",
  "lockfileVersion": 2,
  "requires": true,
  "packages": {
    "": {
      "name": "chainreaction",
      "version": "1.0.0",
      "license": "ISC",
      "dependencies": {
        "sack.vfs": "latest"
      }
    },
    "node_modules/sack.vfs": {
      "version": "1.0.1005",
      "resolved": "https://registry.npmjs.org/sack.vfs/-/sack.vfs-1.0.1005.tgz",
      "integrity": "sha512-K2bN1s8MG4fEuoSTYCfme1cKfE+im5y6WPAPDv8OdYvmsEkCvD8ZQYdXHZRqlh24RRoX2ktzHpX02aKo2IwjeA==",
      "hasInstallScript": true
    }
  },
  "dependencies": {
    "sack.vfs": {
      "version": "1.0.1005",
      "resolved": "https://registry.npmjs.org/sack.vfs/-/sack.vfs-1.0.1005.tgz",
      "integrity": "sha512-K2bN1s8MG4fEuoSTYCfme1cKfE+im5y6WPAPDv8OdYvmsEkCvD8ZQYdXHZRqlh24RRoX2ktzHpX02aKo2IwjeA=="
    }
  }
}
